Microsoft Visual Studio Solution File, Format Version 12.00
# Visual Studio Version 17
VisualStudioVersion = 17.5.2.0
MinimumVisualStudioVersion = 10.0.40219.1
Project("{FAE04EC0-301F-11D3-BF4B-00C04F79EFBC}") = "LunaApp", "LunaApp.csproj", "{1098D18A-261C-70B8-AA82-BB998A616F94}"
EndProject
Global
	GlobalSection(SolutionConfigurationPlatforms) = preSolution
		Debug|Any CPU = Debug|Any CPU
		Release|Any CPU = Release|Any CPU
	EndGlobalSection
	GlobalSection(ProjectConfigurationPlatforms) = postSolution
		{1098D18A-261C-70B8-AA82-BB998A616F94}.Debug|Any CPU.ActiveCfg = Debug|Any CPU
		{1098D18A-261C-70B8-AA82-BB998A616F94}.Debug|Any CPU.Build.0 = Debug|Any CPU
		{1098D18A-261C-70B8-AA82-BB998A616F94}.Release|Any CPU.ActiveCfg = Release|Any CPU
		{1098D18A-261C-70B8-AA82-BB998A616F94}.Release|Any CPU.Build.0 = Release|Any CPU
	EndGlobalSection
	GlobalSection(SolutionProperties) = preSolution
		HideSolutionNode = FALSE
	EndGlobalSection
	GlobalSection(ExtensibilityGlobals) = postSolution
		SolutionGuid = {D8EAEC6A-736A-474E-A634-3C1E612493C4}
	EndGlobalSection
EndGlobal
